hash: 0329037bd70cb57c54503b8dc6349606bc16379cac0a017996631a9514f6efaa
updated: 2019-06-10T17:13:11.772358+08:00
imports:
- name: github.com/beorn7/perks
  version: 4b2b341e8d7715fae06375aa633dbb6e91b3fb46
  subpackages:
  - quantile
- name: github.com/coreos/go-semver
  version: e214231b295a8ea9479f11b70b35d5acf3556d9b
  subpackages:
  - semver
- name: github.com/coreos/go-systemd
  version: 95778dfbb74eb7e4dbaf43bf7d71809650ef8076
  subpackages:
  - journal
- name: github.com/coreos/pkg
  version: 399ea9e2e55f791b6e3d920860dbecb99c3692f0
  subpackages:
  - capnslog
- name: github.com/dgrijalva/jwt-go
  version: 7cd734deee981ccda9fd90491dd093dadf75162a
- name: github.com/dustin/go-humanize
  version: 9f541cc9db5d55bce703bd99987c9d5cb8eea45e
- name: github.com/gogo/protobuf
  version: 21df5aa0e680850681b8643f0024f92d3b09930c
  subpackages:
  - gogoproto
  - proto
  - protoc-gen-gogo/descriptor
- name: github.com/golang/glog
  version: 23def4e6c14b4da8ac2ed8007337bc5eb5007998
- name: github.com/golang/protobuf
  version: b5d812f8a3706043e23a9cd5babf2e5423744d30
  subpackages:
  - proto
  - protoc-gen-go/descriptor
  - ptypes
  - ptypes/any
  - ptypes/duration
  - ptypes/timestamp
- name: github.com/gorilla/mux
  version: ed099d42384823742bba0bf9a72b53b55c9e2e38
- name: github.com/hashicorp/golang-lru
  version: 59383c442f7d7b190497e9bb8fc17a48d06cd03f
  subpackages:
  - simplelru
- name: github.com/klauspost/crc32
  version: bab58d77464aa9cf4e84200c3276da0831fe0c03
- name: github.com/matttproud/golang_protobuf_extensions
  version: c182affec369e30f25d3eb8cd8a478dee585ae7d
  subpackages:
  - pbutil
- name: github.com/prometheus/client_golang
  version: 2e1bc8f8ec7648442b4c3cb339fc4ca4737ba606
  subpackages:
  - prometheus
  - prometheus/internal
- name: github.com/prometheus/client_model
  version: fd36f4220a901265f90734c3183c5f0c91daa0b8
  subpackages:
  - go
- name: github.com/prometheus/common
  version: 17f5ca1748182ddf24fc33a5a7caaaf790a52fcc
  subpackages:
  - expfmt
  - internal/bitbucket.org/ww/goautoneg
  - model
- name: github.com/prometheus/procfs
  version: 1de2bc567d78f4ff415fd103412f7e5ec9e8876b
  subpackages:
  - internal/fs
- name: github.com/soheilhy/cmux
  version: 8a8ea3c53959009183d7914522833c1ed8835020
- name: github.com/xiang90/probing
  version: 43a291ad63a214a207fefbf03c7d9d78b703162b
- name: go.etcd.io/etcd
  version: d6280f9ea54849e5364545ca34bdac0a58317569
  subpackages:
  - etcdserver/api/rafthttp
  - etcdserver/api/snap
  - etcdserver/api/snap/snappb
  - etcdserver/api/v2stats
  - pkg/crc
  - pkg/fileutil
  - pkg/httputil
  - pkg/ioutil
  - pkg/logutil
  - pkg/pbutil
  - pkg/systemd
  - pkg/tlsutil
  - pkg/transport
  - pkg/types
  - raft
  - raft/raftpb
  - version
  - wal
  - wal/walpb
- name: go.uber.org/atomic
  version: df976f2515e274675050de7b3f42545de80594fd
- name: go.uber.org/multierr
  version: 3c4937480c32f4c13a875a1829af76c98ca3d40a
- name: go.uber.org/zap
  version: 8a2ee5670ced5d94154bf385dc6a362722945daf
  subpackages:
  - buffer
  - internal/bufferpool
  - internal/color
  - internal/exit
  - zapcore
- name: golang.org/x/net
  version: 461777fb6f67e8cb9d70cda16573678d085a74cf
  subpackages:
  - context
  - http/httpguts
  - http2
  - http2/hpack
  - idna
  - internal/timeseries
  - trace
- name: golang.org/x/sys
  version: 301114b31cced3624480dfb114ca1b495ec69aa5
  subpackages:
  - unix
- name: golang.org/x/text
  version: 342b2e1fbaa52c93f31447ad2c6abc048c63e475
  subpackages:
  - secure/bidirule
  - transform
  - unicode/bidi
  - unicode/norm
- name: golang.org/x/time
  version: 9d24e82272b4f38b78bc8cff74fa936d31ccd8ef
  subpackages:
  - rate
- name: google.golang.org/genproto
  version: eb0b1bdb6ae60fcfc41b8d907b50dfb346112301
  subpackages:
  - googleapis/rpc/status
- name: google.golang.org/grpc
  version: 501c41df7f472c740d0674ff27122f3f48c80ce7
  subpackages:
  - balancer
  - balancer/base
  - balancer/roundrobin
  - binarylog/grpc_binarylog_v1
  - codes
  - connectivity
  - credentials
  - credentials/internal
  - encoding
  - encoding/proto
  - grpclog
  - internal
  - internal/backoff
  - internal/balancerload
  - internal/binarylog
  - internal/channelz
  - internal/envconfig
  - internal/grpcrand
  - internal/grpcsync
  - internal/syscall
  - internal/transport
  - keepalive
  - metadata
  - naming
  - peer
  - reflection
  - reflection/grpc_reflection_v1alpha
  - resolver
  - resolver/dns
  - resolver/passthrough
  - stats
  - status
  - tap
testImports: []
